
Microsoft Visual Studio Solution File, Format Version 12.00
# Visual Studio 15
VisualStudioVersion = 15.0.27428.2037
MinimumVisualStudioVersion = 10.0.40219.1
Project("{FAE04EC0-301F-11D3-BF4B-00C04F79EFBC}") = "MultiSwitchSample.Android", "MultiSwitchSample\MultiSwitchSample.Android\MultiSwitchSample.Android.csproj", "{88511908-C84F-47E8-8957-F27B35E648ED}"
EndProject
Project("{FAE04EC0-301F-11D3-BF4B-00C04F79EFBC}") = "MultiSwitchSample.iOS", "MultiSwitchSample\MultiSwitchSample.iOS\MultiSwitchSample.iOS.csproj", "{C5A70011-57F0-424A-9E73-5E3B4D04B673}"
EndProject
Project("{FAE04EC0-301F-11D3-BF4B-00C04F79EFBC}") = "MultiSwitchSample", "MultiSwitchSample\MultiSwitchSample\MultiSwitchSample.csproj", "{79DAB186-5C79-40CB-BE21-07FE88104092}"
EndProject
Global
	GlobalSection(SolutionConfigurationPlatforms) = preSolution
		Ad-Hoc|Any CPU = Ad-Hoc|Any CPU
		Ad-Hoc|iPhone = Ad-Hoc|iPhone
		Ad-Hoc|iPhoneSimulator = Ad-Hoc|iPhoneSimulator
		AppStore|Any CPU = AppStore|Any CPU
		AppStore|iPhone = AppStore|iPhone
		AppStore|iPhoneSimulator = AppStore|iPhoneSimulator
		Debug|Any CPU = Debug|Any CPU
		Debug|iPhone = Debug|iPhone
		Debug|iPhoneSimulator = Debug|iPhoneSimulator
		Release|Any CPU = Release|Any CPU
		Release|iPhone = Release|iPhone
		Release|iPhoneSimulator = Release|iPhoneSimulator
	EndGlobalSection
	GlobalSection(ProjectConfigurationPlatforms) = postSolution
		{88511908-C84F-47E8-8957-F27B35E648ED}.Ad-Hoc|Any CPU.ActiveCfg = Release|Any CPU
		{88511908-C84F-47E8-8957-F27B35E648ED}.Ad-Hoc|Any CPU.Build.0 = Release|Any CPU
		{88511908-C84F-47E8-8957-F27B35E648ED}.Ad-Hoc|Any CPU.Deploy.0 = Release|Any CPU
		{88511908-C84F-47E8-8957-F27B35E648ED}.Ad-Hoc|iPhone.ActiveCfg = Release|Any CPU
		{88511908-C84F-47E8-8957-F27B35E648ED}.Ad-Hoc|iPhone.Build.0 = Release|Any CPU
		{88511908-C84F-47E8-8957-F27B35E648ED}.Ad-Hoc|iPhone.Deploy.0 = Release|Any CPU
		{88511908-C84F-47E8-8957-F27B35E648ED}.Ad-Hoc|iPhoneSimulator.ActiveCfg = Release|Any CPU
		{88511908-C84F-47E8-8957-F27B35E648ED}.Ad-Hoc|iPhoneSimulator.Build.0 = Release|Any CPU
		{88511908-C84F-47E8-8957-F27B35E648ED}.Ad-Hoc|iPhoneSimulator.Deploy.0 = Release|Any CPU
		{88511908-C84F-47E8-8957-F27B35E648ED}.AppStore|Any CPU.ActiveCfg = Release|Any CPU
		{88511908-C84F-47E8-8957-F27B35E648ED}.AppStore|Any CPU.Build.0 = Release|Any CPU
		{88511908-C84F-47E8-8957-F27B35E648ED}.AppStore|Any CPU.Deploy.0 = Release|Any CPU
		{88511908-C84F-47E8-8957-F27B35E648ED}.AppStore|iPhone.ActiveCfg = Release|Any CPU
		{88511908-C84F-47E8-8957-F27B35E648ED}.AppStore|iPhone.Build.0 = Release|Any CPU
		{88511908-C84F-47E8-8957-F27B35E648ED}.AppStore|iPhone.Deploy.0 = Release|Any CPU
		{88511908-C84F-47E8-8957-F27B35E648ED}.AppStore|iPhoneSimulator.ActiveCfg = Release|Any CPU
		{88511908-C84F-47E8-8957-F27B35E648ED}.AppStore|iPhoneSimulator.Build.0 = Release|Any CPU
		{88511908-C84F-47E8-8957-F27B35E648ED}.AppStore|iPhoneSimulator.Deploy.0 = Release|Any CPU
		{88511908-C84F-47E8-8957-F27B35E648ED}.Debug|Any CPU.ActiveCfg = Debug|Any CPU
		{88511908-C84F-47E8-8957-F27B35E648ED}.Debug|Any CPU.Build.0 = Debug|Any CPU
		{88511908-C84F-47E8-8957-F27B35E648ED}.Debug|Any CPU.Deploy.0 = Debug|Any CPU
		{88511908-C84F-47E8-8957-F27B35E648ED}.Debug|iPhone.ActiveCfg = Debug|Any CPU
		{88511908-C84F-47E8-8957-F27B35E648ED}.Debug|iPhone.Build.0 = Debug|Any CPU
		{88511908-C84F-47E8-8957-F27B35E648ED}.Debug|iPhone.Deploy.0 = Debug|Any CPU
		{88511908-C84F-47E8-8957-F27B35E648ED}.Debug|iPhoneSimulator.ActiveCfg = Debug|Any CPU
		{88511908-C84F-47E8-8957-F27B35E648ED}.Debug|iPhoneSimulator.Build.0 = Debug|Any CPU
		{88511908-C84F-47E8-8957-F27B35E648ED}.Debug|iPhoneSimulator.Deploy.0 = Debug|Any CPU
		{88511908-C84F-47E8-8957-F27B35E648ED}.Release|Any CPU.ActiveCfg = Release|Any CPU
		{88511908-C84F-47E8-8957-F27B35E648ED}.Release|Any CPU.Build.0 = Release|Any CPU
		{88511908-C84F-47E8-8957-F27B35E648ED}.Release|Any CPU.Deploy.0 = Release|Any CPU
		{88511908-C84F-47E8-8957-F27B35E648ED}.Release|iPhone.ActiveCfg = Release|Any CPU
		{88511908-C84F-47E8-8957-F27B35E648ED}.Release|iPhone.Build.0 = Release|Any CPU
		{88511908-C84F-47E8-8957-F27B35E648ED}.Release|iPhone.Deploy.0 = Release|Any CPU
		{88511908-C84F-47E8-8957-F27B35E648ED}.Release|iPhoneSimulator.ActiveCfg = Release|Any CPU
		{88511908-C84F-47E8-8957-F27B35E648ED}.Release|iPhoneSimulator.Build.0 = Release|Any CPU
		{88511908-C84F-47E8-8957-F27B35E648ED}.Release|iPhoneSimulator.Deploy.0 = Release|Any CPU
		{C5A70011-57F0-424A-9E73-5E3B4D04B673}.Ad-Hoc|Any CPU.ActiveCfg = Ad-Hoc|iPhone
		{C5A70011-57F0-424A-9E73-5E3B4D04B673}.Ad-Hoc|iPhone.ActiveCfg = Ad-Hoc|iPhone
		{C5A70011-57F0-424A-9E73-5E3B4D04B673}.Ad-Hoc|iPhone.Build.0 = Ad-Hoc|iPhone
		{C5A70011-57F0-424A-9E73-5E3B4D04B673}.Ad-Hoc|iPhoneSimulator.ActiveCfg = Ad-Hoc|iPhoneSimulator
		{C5A70011-57F0-424A-9E73-5E3B4D04B673}.Ad-Hoc|iPhoneSimulator.Build.0 = Ad-Hoc|iPhoneSimulator
		{C5A70011-57F0-424A-9E73-5E3B4D04B673}.AppStore|Any CPU.ActiveCfg = AppStore|iPhone
		{C5A70011-57F0-424A-9E73-5E3B4D04B673}.AppStore|iPhone.ActiveCfg = AppStore|iPhone
		{C5A70011-57F0-424A-9E73-5E3B4D04B673}.AppStore|iPhone.Build.0 = AppStore|iPhone
		{C5A70011-57F0-424A-9E73-5E3B4D04B673}.AppStore|iPhoneSimulator.ActiveCfg = AppStore|iPhoneSimulator
		{C5A70011-57F0-424A-9E73-5E3B4D04B673}.AppStore|iPhoneSimulator.Build.0 = AppStore|iPhoneSimulator
		{C5A70011-57F0-424A-9E73-5E3B4D04B673}.Debug|Any CPU.ActiveCfg = Debug|iPhone
		{C5A70011-57F0-424A-9E73-5E3B4D04B673}.Debug|iPhone.ActiveCfg = Debug|iPhone
		{C5A70011-57F0-424A-9E73-5E3B4D04B673}.Debug|iPhone.Build.0 = Debug|iPhone
		{C5A70011-57F0-424A-9E73-5E3B4D04B673}.Debug|iPhoneSimulator.ActiveCfg = Debug|iPhoneSimulator
		{C5A70011-57F0-424A-9E73-5E3B4D04B673}.Debug|iPhoneSimulator.Build.0 = Debug|iPhoneSimulator
		{C5A70011-57F0-424A-9E73-5E3B4D04B673}.Release|Any CPU.ActiveCfg = Release|iPhone
		{C5A70011-57F0-424A-9E73-5E3B4D04B673}.Release|iPhone.ActiveCfg = Release|iPhone
		{C5A70011-57F0-424A-9E73-5E3B4D04B673}.Release|iPhone.Build.0 = Release|iPhone
		{C5A70011-57F0-424A-9E73-5E3B4D04B673}.Release|iPhoneSimulator.ActiveCfg = Release|iPhoneSimulator
		{C5A70011-57F0-424A-9E73-5E3B4D04B673}.Release|iPhoneSimulator.Build.0 = Release|iPhoneSimulator
		{79DAB186-5C79-40CB-BE21-07FE88104092}.Ad-Hoc|Any CPU.ActiveCfg = Debug|Any CPU
		{79DAB186-5C79-40CB-BE21-07FE88104092}.Ad-Hoc|Any CPU.Build.0 = Debug|Any CPU
		{79DAB186-5C79-40CB-BE21-07FE88104092}.Ad-Hoc|iPhone.ActiveCfg = Debug|Any CPU
		{79DAB186-5C79-40CB-BE21-07FE88104092}.Ad-Hoc|iPhone.Build.0 = Debug|Any CPU
		{79DAB186-5C79-40CB-BE21-07FE88104092}.Ad-Hoc|iPhoneSimulator.ActiveCfg = Debug|Any CPU
		{79DAB186-5C79-40CB-BE21-07FE88104092}.Ad-Hoc|iPhoneSimulator.Build.0 = Debug|Any CPU
		{79DAB186-5C79-40CB-BE21-07FE88104092}.AppStore|Any CPU.ActiveCfg = Debug|Any CPU
		{79DAB186-5C79-40CB-BE21-07FE88104092}.AppStore|Any CPU.Build.0 = Debug|Any CPU
		{79DAB186-5C79-40CB-BE21-07FE88104092}.AppStore|iPhone.ActiveCfg = Debug|Any CPU
		{79DAB186-5C79-40CB-BE21-07FE88104092}.AppStore|iPhone.Build.0 = Debug|Any CPU
		{79DAB186-5C79-40CB-BE21-07FE88104092}.AppStore|iPhoneSimulator.ActiveCfg = Debug|Any CPU
		{79DAB186-5C79-40CB-BE21-07FE88104092}.AppStore|iPhoneSimulator.Build.0 = Debug|Any CPU
		{79DAB186-5C79-40CB-BE21-07FE88104092}.Debug|Any CPU.ActiveCfg = Debug|Any CPU
		{79DAB186-5C79-40CB-BE21-07FE88104092}.Debug|Any CPU.Build.0 = Debug|Any CPU
		{79DAB186-5C79-40CB-BE21-07FE88104092}.Debug|iPhone.ActiveCfg = Debug|Any CPU
		{79DAB186-5C79-40CB-BE21-07FE88104092}.Debug|iPhone.Build.0 = Debug|Any CPU
		{79DAB186-5C79-40CB-BE21-07FE88104092}.Debug|iPhoneSimulator.ActiveCfg = Debug|Any CPU
		{79DAB186-5C79-40CB-BE21-07FE88104092}.Debug|iPhoneSimulator.Build.0 = Debug|Any CPU
		{79DAB186-5C79-40CB-BE21-07FE88104092}.Release|Any CPU.ActiveCfg = Release|Any CPU
		{79DAB186-5C79-40CB-BE21-07FE88104092}.Release|Any CPU.Build.0 = Release|Any CPU
		{79DAB186-5C79-40CB-BE21-07FE88104092}.Release|iPhone.ActiveCfg = Release|Any CPU
		{79DAB186-5C79-40CB-BE21-07FE88104092}.Release|iPhone.Build.0 = Release|Any CPU
		{79DAB186-5C79-40CB-BE21-07FE88104092}.Release|iPhoneSimulator.ActiveCfg = Release|Any CPU
		{79DAB186-5C79-40CB-BE21-07FE88104092}.Release|iPhoneSimulator.Build.0 = Release|Any CPU
	EndGlobalSection
	GlobalSection(SolutionProperties) = preSolution
		HideSolutionNode = FALSE
	EndGlobalSection
	GlobalSection(ExtensibilityGlobals) = postSolution
		SolutionGuid = {A9AFE275-2F3B-4A9B-97C0-40F6CB445637}
	EndGlobalSection
EndGlobal
